// !$*UTF8*$!
{
	archiveVersion = 1;
	classes = {
	};
	objectVersion = 46;
	objects = {

/* Begin PBXBuildFile section */
		FE00157D2017617B00490340 /* StreamFeaturesCache.swift in Sources */ = {isa = PBXBuildFile; fileRef = FE00157C2017617B00490340 /* StreamFeaturesCache.swift */; };
		FE00157F2019090300490340 /* ExperimentalSettingsViewController.swift in Sources */ = {isa = PBXBuildFile; fileRef = FE00157E2019090300490340 /* ExperimentalSettingsViewController.swift */; };
		FE01ADA91E224CF400FA7E65 /* TigasePushNotificationsModule.swift in Sources */ = {isa = PBXBuildFile; fileRef = FE01ADA81E224CF400FA7E65 /* TigasePushNotificationsModule.swift */; };
		FE0A674D1D4F645F00124480 /* CachedViewController.swift in Sources */ = {isa = PBXBuildFile; fileRef = FE0A674C1D4F645F00124480 /* CachedViewController.swift */; };
		FE168ACD1CCD197A003F8B26 /* db-schema-1.sql in Resources */ = {isa = PBXBuildFile; fileRef = FE168ACC1CCD197A003F8B26 /* db-schema-1.sql */; };
		FE1AC8F7216B8AB700D4CDAB /* NewFeaturesDetector.swift in Sources */ = {isa = PBXBuildFile; fileRef = FE1AC8F6216B8AB700D4CDAB /* NewFeaturesDetector.swift */; };
		FE1DCCA21EA52CE200850563 /* DataFormController.swift in Sources */ = {isa = PBXBuildFile; fileRef = FE1DCCA11EA52CE200850563 /* DataFormController.swift */; };
		FE233CD521E6846E00099281 /* CameraPreviewView.swift in Sources */ = {isa = PBXBuildFile; fileRef = FE233CD421E6846E00099281 /* CameraPreviewView.swift */; };
		FE233CD921E9393C00099281 /* WebRTC.framework in Embed Frameworks */ = {isa = PBXBuildFile; fileRef = FE233CD821E9393C00099281 /* WebRTC.framework */; settings = {ATTRIBUTES = (CodeSignOnCopy, RemoveHeadersOnCopy, ); }; };
		FE233CDB21EA03DD00099281 /* Info.storyboard in Resources */ = {isa = PBXBuildFile; fileRef = FE233CDA21EA03DD00099281 /* Info.storyboard */; };
		FE233CDD21EA062E00099281 /* AboutController.swift in Sources */ = {isa = PBXBuildFile; fileRef = FE233CDC21EA062E00099281 /* AboutController.swift */; };
		FE258EAA1F3B8BC90042CED9 /* Assets.xcassets in Resources */ = {isa = PBXBuildFile; fileRef = FE258EA91F3B8BC90042CED9 /* Assets.xcassets */; };
		FE2809812167CE18002F5BD0 /* server_features_list.xml in Resources */ = {isa = PBXBuildFile; fileRef = FE2809802167CE18002F5BD0 /* server_features_list.xml */; };
		FE2809832167CF1B002F5BD0 /* ServerFeaturesViewController.swift in Sources */ = {isa = PBXBuildFile; fileRef = FE2809822167CF1B002F5BD0 /* ServerFeaturesViewController.swift */; };
		FE2A0E8E1F74012D006ADF08 /* db-schema-2.sql in Resources */ = {isa = PBXBuildFile; fileRef = FE2A0E8D1F74012D006ADF08 /* db-schema-2.sql */; };
		FE2A0E901F74051E006ADF08 /* DBSchemaManager.swift in Sources */ = {isa = PBXBuildFile; fileRef = FE2A0E8F1F74051E006ADF08 /* DBSchemaManager.swift */; };
		FE3024321CE2036A00466497 /* DBVCardsCache.swift in Sources */ = {isa = PBXBuildFile; fileRef = FE3024311CE2036A00466497 /* DBVCardsCache.swift */; };
		FE31DDE4201261A200C2AB1D /* DNSSrvDiskCache.swift in Sources */ = {isa = PBXBuildFile; fileRef = FE31DDE3201261A200C2AB1D /* DNSSrvDiskCache.swift */; };
		FE3A45CF1CE49D3300C36264 /* RosterItemEditViewController.swift in Sources */ = {isa = PBXBuildFile; fileRef = FE3A45CE1CE49D3300C36264 /* RosterItemEditViewController.swift */; };
		FE3DCCEE1FE18334008B6C8B /* CertificateErrorAlert.swift in Sources */ = {isa = PBXBuildFile; fileRef = FE3DCCED1FE18334008B6C8B /* CertificateErrorAlert.swift */; };
		FE4071E421E2605900F09B58 /* VideoCallController.swift in Sources */ = {isa = PBXBuildFile; fileRef = FE4071E321E2605900F09B58 /* VideoCallController.swift */; };
		FE4071E621E262D900F09B58 /* VoIP.storyboard in Resources */ = {isa = PBXBuildFile; fileRef = FE4071E521E262D900F09B58 /* VoIP.storyboard */; };
		FE4071E821E2653700F09B58 /* RoundButton.swift in Sources */ = {isa = PBXBuildFile; fileRef = FE4071E721E2653700F09B58 /* RoundButton.swift */; };
		FE43EB551F3CC55900A4CAAD /* ImageCache.swift in Sources */ = {isa = PBXBuildFile; fileRef = FE43EB541F3CC55900A4CAAD /* ImageCache.swift */; };
		FE43EB571F3DBAAE00A4CAAD /* BaseChatViewController_PreviewExtension.swift in Sources */ = {isa = PBXBuildFile; fileRef = FE43EB561F3DBAAE00A4CAAD /* BaseChatViewController_PreviewExtension.swift */; };
		FE4496C51F87934E009F649C /* db-schema-3.sql in Resources */ = {isa = PBXBuildFile; fileRef = FE4496C31F87911C009F649C /* db-schema-3.sql */; };
		FE4DDF561F39E0B500A4CE5A /* ShareViewController.swift in Sources */ = {isa = PBXBuildFile; fileRef = FE4DDF551F39E0B500A4CE5A /* ShareViewController.swift */; };
		FE4DDF591F39E0B500A4CE5A /* MainInterface.storyboard in Resources */ = {isa = PBXBuildFile; fileRef = FE4DDF571F39E0B500A4CE5A /* MainInterface.storyboard */; };
		FE4DDF5D1F39E0B500A4CE5A /* Tigase Messenger - Share.appex in Embed App Extensions */ = {isa = PBXBuildFile; fileRef = FE4DDF531F39E0B500A4CE5A /* Tigase Messenger - Share.appex */; settings = {ATTRIBUTES = (RemoveHeadersOnCopy, ); }; };
		FE4DDF641F3A181B00A4CE5A /* AccountsTableViewController.swift in Sources */ = {isa = PBXBuildFile; fileRef = FE4DDF631F3A181B00A4CE5A /* AccountsTableViewController.swift */; };
		FE4DDF661F3A207200A4CE5A /* AccountTableViewCell.swift in Sources */ = {isa = PBXBuildFile; fileRef = FE4DDF651F3A207200A4CE5A /* AccountTableViewCell.swift */; };
		FE4DDF681F3A403900A4CE5A /* RecipientsSelectionViewController.swift in Sources */ = {isa = PBXBuildFile; fileRef = FE4DDF671F3A403900A4CE5A /* RecipientsSelectionViewController.swift */; };
		FE4DDF6A1F3A44AC00A4CE5A /* RecipientTableViewCell.swift in Sources */ = {isa = PBXBuildFile; fileRef = FE4DDF691F3A44AC00A4CE5A /* RecipientTableViewCell.swift */; };
		FE5079F01CD3CA91001A015C /* Security.framework in Frameworks */ = {isa = PBXBuildFile; fileRef = FE5079EF1CD3CA91001A015C /* Security.framework */; };
		FE507A151CDB7B3B001A015C /* ChatsListTableViewCell.swift in Sources */ = {isa = PBXBuildFile; fileRef = FE5079FE1CDB7B3B001A015C /* ChatsListTableViewCell.swift */; };
		FE507A161CDB7B3B001A015C /* ChatsListViewController.swift in Sources */ = {isa = PBXBuildFile; fileRef = FE5079FF1CDB7B3B001A015C /* ChatsListViewController.swift */; };
		FE507A171CDB7B3B001A015C /* ChatTableViewCell.swift in Sources */ = {isa = PBXBuildFile; fileRef = FE507A001CDB7B3B001A015C /* ChatTableViewCell.swift */; };
		FE507A181CDB7B3B001A015C /* ChatViewController.swift in Sources */ = {isa = PBXBuildFile; fileRef = FE507A011CDB7B3B001A015C /* ChatViewController.swift */; };
		FE507A191CDB7B3B001A015C /* DBChatHistoryStore.swift in Sources */ = {isa = PBXBuildFile; fileRef = FE507A031CDB7B3B001A015C /* DBChatHistoryStore.swift */; };
		FE507A1A1CDB7B3B001A015C /* DBChatStore.swift in Sources */ = {isa = PBXBuildFile; fileRef = FE507A041CDB7B3B001A015C /* DBChatStore.swift */; };
		FE507A1B1CDB7B3B001A015C /* DBManager.swift in Sources */ = {isa = PBXBuildFile; fileRef = FE507A051CDB7B3B001A015C /* DBManager.swift */; };
		FE507A1C1CDB7B3B001A015C /* DBRosterStore.swift in Sources */ = {isa = PBXBuildFile; fileRef = FE507A061CDB7B3B001A015C /* DBRosterStore.swift */; };
		FE507A1D1CDB7B3B001A015C /* RosterItemTableViewCell.swift in Sources */ = {isa = PBXBuildFile; fileRef = FE507A081CDB7B3B001A015C /* RosterItemTableViewCell.swift */; };
		FE507A1E1CDB7B3B001A015C /* RosterViewController.swift in Sources */ = {isa = PBXBuildFile; fileRef = FE507A091CDB7B3B001A015C /* RosterViewController.swift */; };
		FE507A1F1CDB7B3B001A015C /* AccountTableViewCell.swift in Sources */ = {isa = PBXBuildFile; fileRef = FE507A0B1CDB7B3B001A015C /* AccountTableViewCell.swift */; };
		FE507A201CDB7B3B001A015C /* AddAccountController.swift in Sources */ = {isa = PBXBuildFile; fileRef = FE507A0C1CDB7B3B001A015C /* AddAccountController.swift */; };
		FE507A211CDB7B3B001A015C /* SettingsViewController.swift in Sources */ = {isa = PBXBuildFile; fileRef = FE507A0D1CDB7B3B001A015C /* SettingsViewController.swift */; };
		FE507A221CDB7B3B001A015C /* AvatarStatusView.swift in Sources */ = {isa = PBXBuildFile; fileRef = FE507A0F1CDB7B3B001A015C /* AvatarStatusView.swift */; };
		FE507A231CDB7B3B001A015C /* CustomTabBarController.swift in Sources */ = {isa = PBXBuildFile; fileRef = FE507A101CDB7B3B001A015C /* CustomTabBarController.swift */; };
		FE507A241CDB7B3B001A015C /* GlobalSplitViewController.swift in Sources */ = {isa = PBXBuildFile; fileRef = FE507A111CDB7B3B001A015C /* GlobalSplitViewController.swift */; };
		FE507A251CDB7B3B001A015C /* AccountManager.swift in Sources */ = {isa = PBXBuildFile; fileRef = FE507A131CDB7B3B001A015C /* AccountManager.swift */; };
		FE507A261CDB7B3B001A015C /* AvatarManager.swift in Sources */ = {isa = PBXBuildFile; fileRef = FE507A141CDB7B3B001A015C /* AvatarManager.swift */; };
		FE5628911F3621DB00452C73 /* ChatViewController_ShareExtension.swift in Sources */ = {isa = PBXBuildFile; fileRef = FE5628901F3621DB00452C73 /* ChatViewController_ShareExtension.swift */; };
		FE6545601E9E7B85006A14AC /* RegisterAccountController.swift in Sources */ = {isa = PBXBuildFile; fileRef = FE65455F1E9E7B85006A14AC /* RegisterAccountController.swift */; };
		FE6545621E9E7FDE006A14AC /* AccountDomainTableViewCell.swift in Sources */ = {isa = PBXBuildFile; fileRef = FE6545611E9E7FDE006A14AC /* AccountDomainTableViewCell.swift */; };
		FE6545641E9E8B67006A14AC /* ServerSelectorTableViewCell.swift in Sources */ = {isa = PBXBuildFile; fileRef = FE6545631E9E8B67006A14AC /* ServerSelectorTableViewCell.swift */; };
		FE7F645B1D281B1C00B9DF56 /* DBCapabilitiesCache.swift in Sources */ = {isa = PBXBuildFile; fileRef = FE7F645A1D281B1C00B9DF56 /* DBCapabilitiesCache.swift */; };
		FE7F9303200FD5AC004C6195 /* AccountManagerScramSaltedPasswordCache.swift in Sources */ = {isa = PBXBuildFile; fileRef = FE7F9302200FD5AC004C6195 /* AccountManagerScramSaltedPasswordCache.swift */; };
		FE80BDA81D928AD2001914B0 /* TigaseSwift.framework in Embed Frameworks */ = {isa = PBXBuildFile; fileRef = FE80BDA71D928AD2001914B0 /* TigaseSwift.framework */; settings = {ATTRIBUTES = (CodeSignOnCopy, RemoveHeadersOnCopy, ); }; };
		FE80BDAB1D953FC4001914B0 /* SetupViewController.swift in Sources */ = {isa = PBXBuildFile; fileRef = FE80BDAA1D953FC4001914B0 /* SetupViewController.swift */; };
		FE94E5251CCBA74F00FAE755 /* AppDelegate.swift in Sources */ = {isa = PBXBuildFile; fileRef = FE94E5241CCBA74F00FAE755 /* AppDelegate.swift */; };
		FE94E52C1CCBA74F00FAE755 /* Main.storyboard in Resources */ = {isa = PBXBuildFile; fileRef = FE94E52A1CCBA74F00FAE755 /* Main.storyboard */; };
		FE94E52E1CCBA74F00FAE755 /* Assets.xcassets in Resources */ = {isa = PBXBuildFile; fileRef = FE94E52D1CCBA74F00FAE755 /* Assets.xcassets */; };
		FE94E5311CCBA74F00FAE755 /* LaunchScreen.storyboard in Resources */ = {isa = PBXBuildFile; fileRef = FE94E52F1CCBA74F00FAE755 /* LaunchScreen.storyboard */; };
		FE94E55E1CCCC14E00FAE755 /* libsqlite3.tbd in Frameworks */ = {isa = PBXBuildFile; fileRef = FE94E55D1CCCC14E00FAE755 /* libsqlite3.tbd */; };
		FE9625A01D9AE7CB00D07118 /* RosterProvider.swift in Sources */ = {isa = PBXBuildFile; fileRef = FE96259F1D9AE7CB00D07118 /* RosterProvider.swift */; };
		FE9E136D1F25F5F7005C0EE5 /* ChatSettingsViewController.swift in Sources */ = {isa = PBXBuildFile; fileRef = FE9E136C1F25F5F7005C0EE5 /* ChatSettingsViewController.swift */; };
		FE9E136F1F26049A005C0EE5 /* NotificationSettingsViewController.swift in Sources */ = {isa = PBXBuildFile; fileRef = FE9E136E1F26049A005C0EE5 /* NotificationSettingsViewController.swift */; };
		FE9E13711F2606E9005C0EE5 /* ContactsSettingsViewController.swift in Sources */ = {isa = PBXBuildFile; fileRef = FE9E13701F2606E9005C0EE5 /* ContactsSettingsViewController.swift */; };
		FE9E13731F260B33005C0EE5 /* StepperTableViewCell.swift in Sources */ = {isa = PBXBuildFile; fileRef = FE9E13721F260B33005C0EE5 /* StepperTableViewCell.swift */; };
		FEA308D01F27A063002EF4C0 /* NavigationControllerWrappingSegue.swift in Sources */ = {isa = PBXBuildFile; fileRef = FEA308CF1F27A063002EF4C0 /* NavigationControllerWrappingSegue.swift */; };
		FEA370BE1F3F3F8B0050CBAC /* TigaseSwift.framework in Frameworks */ = {isa = PBXBuildFile; fileRef = FE80BDA71D928AD2001914B0 /* TigaseSwift.framework */; };
		FEA7BF5B21E50C5800D9E36C /* JingleManager.swift in Sources */ = {isa = PBXBuildFile; fileRef = FEA7BF5A21E50C5800D9E36C /* JingleManager.swift */; };
		FEA7BF5D21E50CAB00D9E36C /* JingleManager_Session.swift in Sources */ = {isa = PBXBuildFile; fileRef = FEA7BF5C21E50CAB00D9E36C /* JingleManager_Session.swift */; };
		FEA8D65D1F2F6AF60077C12F /* VCardEntryTypeAwareTableViewCell.swift in Sources */ = {isa = PBXBuildFile; fileRef = FEA8D65C1F2F6AF60077C12F /* VCardEntryTypeAwareTableViewCell.swift */; };
		FEA8D6621F30F54B0077C12F /* XmppService.swift in Sources */ = {isa = PBXBuildFile; fileRef = FEA8D6611F30F54B0077C12F /* XmppService.swift */; };
		FEA8D6641F30F9260077C12F /* XmppService_VCardExtension.swift in Sources */ = {isa = PBXBuildFile; fileRef = FEA8D6631F30F9260077C12F /* XmppService_VCardExtension.swift */; };
		FEAC71771CECA09B00ABABEF /* MucChatTableViewCell.swift in Sources */ = {isa = PBXBuildFile; fileRef = FEAC71761CECA09B00ABABEF /* MucChatTableViewCell.swift */; };
		FEAC71791CECE50400ABABEF /* MucChatOccupantsTableViewController.swift in Sources */ = {isa = PBXBuildFile; fileRef = FEAC71781CECE50400ABABEF /* MucChatOccupantsTableViewController.swift */; };
		FEAC717B1CECE70100ABABEF /* MucChatOccupantsTableViewCell.swift in Sources */ = {isa = PBXBuildFile; fileRef = FEAC717A1CECE70100ABABEF /* MucChatOccupantsTableViewCell.swift */; };
		FEB5EC9D1F6AE448007FE0E7 /* BaseChatViewControllerWithContextMenuAndToolbar.swift in Sources */ = {isa = PBXBuildFile; fileRef = FEB5EC9C1F6AE448007FE0E7 /* BaseChatViewControllerWithContextMenuAndToolbar.swift */; };
		FEB62C501DA80956001500D5 /* AvatarStore.swift in Sources */ = {isa = PBXBuildFile; fileRef = FEB62C4F1DA80956001500D5 /* AvatarStore.swift */; };
		FEC514221CEA3D2F003AF765 /* DBRoomsManager.swift in Sources */ = {isa = PBXBuildFile; fileRef = FEC514211CEA3D2E003AF765 /* DBRoomsManager.swift */; };
		FEC514241CEB2FF7003AF765 /* MucJoinViewController.swift in Sources */ = {isa = PBXBuildFile; fileRef = FEC514231CEB2FF7003AF765 /* MucJoinViewController.swift */; };
		FEC514261CEB74F8003AF765 /* BaseChatViewController.swift in Sources */ = {isa = PBXBuildFile; fileRef = FEC514251CEB74F8003AF765 /* BaseChatViewController.swift */; };
		FEC514281CEB82E9003AF765 /* MucChatViewController.swift in Sources */ = {isa = PBXBuildFile; fileRef = FEC514271CEB82E9003AF765 /* MucChatViewController.swift */; };
		FEDCBF671D9C3EE700AE9129 /* RosterProviderFlat.swift in Sources */ = {isa = PBXBuildFile; fileRef = FEDCBF661D9C3EE700AE9129 /* RosterProviderFlat.swift */; };
		FEDCBF691D9C53BA00AE9129 /* RosterProviderGrouped.swift in Sources */ = {isa = PBXBuildFile; fileRef = FEDCBF681D9C53BA00AE9129 /* RosterProviderGrouped.swift */; };
		FEDE3B501F7162AA00075F6E /* CustomChatManager.swift in Sources */ = {isa = PBXBuildFile; fileRef = FEDE3B4F1F7162AA00075F6E /* CustomChatManager.swift */; };
		FEDE93871D07564F00CA60A9 /* SwitchTableViewCell.swift in Sources */ = {isa = PBXBuildFile; fileRef = FEDE93861D07564F00CA60A9 /* SwitchTableViewCell.swift */; };
		FEDE93891D081C3D00CA60A9 /* Settings.swift in Sources */ = {isa = PBXBuildFile; fileRef = FEDE93881D081C3D00CA60A9 /* Settings.swift */; };
		FEDE938C1D08AFE800CA60A9 /* VCardEditViewController.swift in Sources */ = {isa = PBXBuildFile; fileRef = FEDE938B1D08AFE800CA60A9 /* VCardEditViewController.swift */; };
		FEDE938E1D09BB6200CA60A9 /* VCardEditBasicTableViewCell.swift in Sources */ = {isa = PBXBuildFile; fileRef = FEDE938D1D09BB6200CA60A9 /* VCardEditBasicTableViewCell.swift */; };
		FEDE93901D09BB8300CA60A9 /* VCardEditPhoneTableViewCell.swift in Sources */ = {isa = PBXBuildFile; fileRef = FEDE938F1D09BB8300CA60A9 /* VCardEditPhoneTableViewCell.swift */; };
		FEDE93921D09E74100CA60A9 /* VCardEditAddressTableViewCell.swift in Sources */ = {isa = PBXBuildFile; fileRef = FEDE93911D09E74100CA60A9 /* VCardEditAddressTableViewCell.swift */; };
		FEDE93941D0AC01200CA60A9 /* VCardEditEmailTableViewCell.swift in Sources */ = {isa = PBXBuildFile; fileRef = FEDE93931D0AC01200CA60A9 /* VCardEditEmailTableViewCell.swift */; };
		FEDE93971D0C202600CA60A9 /* ContactViewController.swift in Sources */ = {isa = PBXBuildFile; fileRef = FEDE93961D0C202600CA60A9 /* ContactViewController.swift */; };
		FEDE93991D0C207100CA60A9 /* ContactBasicTableViewCell.swift in Sources */ = {isa = PBXBuildFile; fileRef = FEDE93981D0C207100CA60A9 /* ContactBasicTableViewCell.swift */; };
		FEDE939B1D0C38B000CA60A9 /* ContactFormTableViewCell.swift in Sources */ = {isa = PBXBuildFile; fileRef = FEDE939A1D0C38B000CA60A9 /* ContactFormTableViewCell.swift */; };
		FEE097621F1FCE1800B1CEAB /* TablePicketViewController.swift in Sources */ = {isa = PBXBuildFile; fileRef = FEE097611F1FCE1800B1CEAB /* TablePicketViewController.swift */; };
		FEF80DB21CDBBBFE005645A7 /* AccountSettingsViewController.swift in Sources */ = {isa = PBXBuildFile; fileRef = FEF80DB11CDBBBFE005645A7 /* AccountSettingsViewController.swift */; };
		FEFB63AD1F31E4EE00EFB3E7 /* MainTabBarController.swift in Sources */ = {isa = PBXBuildFile; fileRef = FEFB63AC1F31E4EE00EFB3E7 /* MainTabBarController.swift */; };
/* End PBXBuildFile section */

/* Begin PBXContainerItemProxy section */
		FE4DDF5B1F39E0B500A4CE5A /* PBXContainerItemProxy */ = {
			isa = PBXContainerItemProxy;
			containerPortal = FE94E5191CCBA74F00FAE755 /* Project object */;
			proxyType = 1;
			remoteGlobalIDString = FE4DDF521F39E0B500A4CE5A;
			remoteInfo = "Tigase Messenger - Share";
		};
/* End PBXContainerItemProxy section */

/* Begin PBXCopyFilesBuildPhase section */
		FE4DDF611F39E0B600A4CE5A /* Embed App Extensions */ = {
			isa = PBXCopyFilesBuildPhase;
			buildActionMask = 2147483647;
			dstPath = "";
			dstSubfolderSpec = 13;
			files = (
				FE4DDF5D1F39E0B500A4CE5A /* Tigase Messenger - Share.appex in Embed App Extensions */,
			);
			name = "Embed App Extensions";
			runOnlyForDeploymentPostprocessing = 0;
		};
		FEF80DB71CDCC508005645A7 /* Embed Frameworks */ = {
			isa = PBXCopyFilesBuildPhase;
			buildActionMask = 12;
			dstPath = "";
			dstSubfolderSpec = 10;
			files = (
				FE233CD921E9393C00099281 /* WebRTC.framework in Embed Frameworks */,
				FE80BDA81D928AD2001914B0 /* TigaseSwift.framework in Embed Frameworks */,
			);
			name = "Embed Frameworks";
			runOnlyForDeploymentPostprocessing = 0;
		};
/* End PBXCopyFilesBuildPhase section */

/* Begin PBXFileReference section */
		FE00157C2017617B00490340 /* StreamFeaturesCache.swift */ = {isa = PBXFileReference; lastKnownFileType = sourcecode.swift; path = StreamFeaturesCache.swift; sourceTree = "<group>"; };
		FE00157E2019090300490340 /* ExperimentalSettingsViewController.swift */ = {isa = PBXFileReference; lastKnownFileType = sourcecode.swift; path = ExperimentalSettingsViewController.swift; sourceTree = "<group>"; };
		FE01ADA81E224CF400FA7E65 /* TigasePushNotificationsModule.swift */ = {isa = PBXFileReference; fileEncoding = 4; lastKnownFileType = sourcecode.swift; path = TigasePushNotificationsModule.swift; sourceTree = "<group>"; };
		FE0A674C1D4F645F00124480 /* CachedViewController.swift */ = {isa = PBXFileReference; fileEncoding = 4; lastKnownFileType = sourcecode.swift; path = CachedViewController.swift; sourceTree = "<group>"; };
		FE168ACC1CCD197A003F8B26 /* db-schema-1.sql */ = {isa = PBXFileReference; fileEncoding = 4; lastKnownFileType = text; path = "db-schema-1.sql"; sourceTree = "<group>"; };
		FE1AC8F6216B8AB700D4CDAB /* NewFeaturesDetector.swift */ = {isa = PBXFileReference; lastKnownFileType = sourcecode.swift; path = NewFeaturesDetector.swift; sourceTree = "<group>"; };
		FE1DCCA11EA52CE200850563 /* DataFormController.swift */ = {isa = PBXFileReference; fileEncoding = 4; lastKnownFileType = sourcecode.swift; path = DataFormController.swift; sourceTree = "<group>"; };
		FE233CD421E6846E00099281 /* CameraPreviewView.swift */ = {isa = PBXFileReference; lastKnownFileType = sourcecode.swift; path = CameraPreviewView.swift; sourceTree = "<group>"; };
		FE233CD821E9393C00099281 /* WebRTC.framework */ = {isa = PBXFileReference; lastKnownFileType = wrapper.framework; path = WebRTC.framework; sourceTree = "<group>"; };
		FE233CDA21EA03DD00099281 /* Info.storyboard */ = {isa = PBXFileReference; lastKnownFileType = file.storyboard; path = Info.storyboard; sourceTree = "<group>"; };
		FE233CDC21EA062E00099281 /* AboutController.swift */ = {isa = PBXFileReference; lastKnownFileType = sourcecode.swift; path = AboutController.swift; sourceTree = "<group>"; };
		FE258EA91F3B8BC90042CED9 /* Assets.xcassets */ = {isa = PBXFileReference; lastKnownFileType = folder.assetcatalog; path = Assets.xcassets; sourceTree = "<group>"; };
		FE2809802167CE18002F5BD0 /* server_features_list.xml */ = {isa = PBXFileReference; lastKnownFileType = text.xml; path = server_features_list.xml; sourceTree = "<group>"; };
		FE2809822167CF1B002F5BD0 /* ServerFeaturesViewController.swift */ = {isa = PBXFileReference; lastKnownFileType = sourcecode.swift; path = ServerFeaturesViewController.swift; sourceTree = "<group>"; };
		FE2A0E8D1F74012D006ADF08 /* db-schema-2.sql */ = {isa = PBXFileReference; lastKnownFileType = text; path = "db-schema-2.sql"; sourceTree = "<group>"; };
		FE2A0E8F1F74051E006ADF08 /* DBSchemaManager.swift */ = {isa = PBXFileReference; lastKnownFileType = sourcecode.swift; path = DBSchemaManager.swift; sourceTree = "<group>"; };
		FE3024311CE2036A00466497 /* DBVCardsCache.swift */ = {isa = PBXFileReference; fileEncoding = 4; lastKnownFileType = sourcecode.swift; path = DBVCardsCache.swift; sourceTree = "<group>"; };
		FE31DDE3201261A200C2AB1D /* DNSSrvDiskCache.swift */ = {isa = PBXFileReference; lastKnownFileType = sourcecode.swift; path = DNSSrvDiskCache.swift; sourceTree = "<group>"; };
		FE3A45CE1CE49D3300C36264 /* RosterItemEditViewController.swift */ = {isa = PBXFileReference; fileEncoding = 4; lastKnownFileType = sourcecode.swift; path = RosterItemEditViewController.swift; sourceTree = "<group>"; };
		FE3DCCED1FE18334008B6C8B /* CertificateErrorAlert.swift */ = {isa = PBXFileReference; lastKnownFileType = sourcecode.swift; path = CertificateErrorAlert.swift; sourceTree = "<group>"; };
		FE4071E321E2605900F09B58 /* VideoCallController.swift */ = {isa = PBXFileReference; lastKnownFileType = sourcecode.swift; path = VideoCallController.swift; sourceTree = "<group>"; };
		FE4071E521E262D900F09B58 /* VoIP.storyboard */ = {isa = PBXFileReference; lastKnownFileType = file.storyboard; path = VoIP.storyboard; sourceTree = "<group>"; };
		FE4071E721E2653700F09B58 /* RoundButton.swift */ = {isa = PBXFileReference; lastKnownFileType = sourcecode.swift; path = RoundButton.swift; sourceTree = "<group>"; };
		FE43EB541F3CC55900A4CAAD /* ImageCache.swift */ = {isa = PBXFileReference; fileEncoding = 4; lastKnownFileType = sourcecode.swift; path = ImageCache.swift; sourceTree = "<group>"; };
		FE43EB561F3DBAAE00A4CAAD /* BaseChatViewController_PreviewExtension.swift */ = {isa = PBXFileReference; fileEncoding = 4; lastKnownFileType = sourcecode.swift; path = BaseChatViewController_PreviewExtension.swift; sourceTree = "<group>"; };
		FE4496C31F87911C009F649C /* db-schema-3.sql */ = {isa = PBXFileReference; lastKnownFileType = text; path = "db-schema-3.sql"; sourceTree = "<group>"; };
		FE4DDF531F39E0B500A4CE5A /* Tigase Messenger - Share.appex */ = {isa = PBXFileReference; explicitFileType = "wrapper.app-extension"; includeInIndex = 0; path = "Tigase Messenger - Share.appex"; sourceTree = BUILT_PRODUCTS_DIR; };
		FE4DDF551F39E0B500A4CE5A /* ShareViewController.swift */ = {isa = PBXFileReference; lastKnownFileType = sourcecode.swift; path = ShareViewController.swift; sourceTree = "<group>"; };
		FE4DDF581F39E0B500A4CE5A /* Base */ = {isa = PBXFileReference; lastKnownFileType = file.storyboard; name = Base; path = Base.lproj/MainInterface.storyboard; sourceTree = "<group>"; };
		FE4DDF5A1F39E0B500A4CE5A /* Info.plist */ = {isa = PBXFileReference; lastKnownFileType = text.plist.xml; path = Info.plist; sourceTree = "<group>"; };
		FE4DDF621F3A12AD00A4CE5A /* Tigase Messenger - Share.entitlements */ = {isa = PBXFileReference; lastKnownFileType = text.plist.entitlements; path = "Tigase Messenger - Share.entitlements"; sourceTree = "<group>"; };
		FE4DDF631F3A181B00A4CE5A /* AccountsTableViewController.swift */ = {isa = PBXFileReference; fileEncoding = 4; lastKnownFileType = sourcecode.swift; path = AccountsTableViewController.swift; sourceTree = "<group>"; };
		FE4DDF651F3A207200A4CE5A /* AccountTableViewCell.swift */ = {isa = PBXFileReference; fileEncoding = 4; lastKnownFileType = sourcecode.swift; path = AccountTableViewCell.swift; sourceTree = "<group>"; };
		FE4DDF671F3A403900A4CE5A /* RecipientsSelectionViewController.swift */ = {isa = PBXFileReference; fileEncoding = 4; lastKnownFileType = sourcecode.swift; path = RecipientsSelectionViewController.swift; sourceTree = "<group>"; };
		FE4DDF691F3A44AC00A4CE5A /* RecipientTableViewCell.swift */ = {isa = PBXFileReference; fileEncoding = 4; lastKnownFileType = sourcecode.swift; path = RecipientTableViewCell.swift; sourceTree = "<group>"; };
		FE5079EF1CD3CA91001A015C /* Security.framework */ = {isa = PBXFileReference; lastKnownFileType = wrapper.framework; name = Security.framework; path = System/Library/Frameworks/Security.framework; sourceTree = SDKROOT; };
		FE5079FE1CDB7B3B001A015C /* ChatsListTableViewCell.swift */ = {isa = PBXFileReference; fileEncoding = 4; lastKnownFileType = sourcecode.swift; path = ChatsListTableViewCell.swift; sourceTree = "<group>"; };
		FE5079FF1CDB7B3B001A015C /* ChatsListViewController.swift */ = {isa = PBXFileReference; fileEncoding = 4; lastKnownFileType = sourcecode.swift; path = ChatsListViewController.swift; sourceTree = "<group>"; };
		FE507A001CDB7B3B001A015C /* ChatTableViewCell.swift */ = {isa = PBXFileReference; fileEncoding = 4; lastKnownFileType = sourcecode.swift; path = ChatTableViewCell.swift; sourceTree = "<group>"; };
		FE507A011CDB7B3B001A015C /* ChatViewController.swift */ = {isa = PBXFileReference; fileEncoding = 4; lastKnownFileType = sourcecode.swift; path = ChatViewController.swift; sourceTree = "<group>"; };
		FE507A031CDB7B3B001A015C /* DBChatHistoryStore.swift */ = {isa = PBXFileReference; fileEncoding = 4; lastKnownFileType = sourcecode.swift; path = DBChatHistoryStore.swift; sourceTree = "<group>"; };
		FE507A041CDB7B3B001A015C /* DBChatStore.swift */ = {isa = PBXFileReference; fileEncoding = 4; lastKnownFileType = sourcecode.swift; path = DBChatStore.swift; sourceTree = "<group>"; };
		FE507A051CDB7B3B001A015C /* DBManager.swift */ = {isa = PBXFileReference; fileEncoding = 4; lastKnownFileType = sourcecode.swift; path = DBManager.swift; sourceTree = "<group>"; };
		FE507A061CDB7B3B001A015C /* DBRosterStore.swift */ = {isa = PBXFileReference; fileEncoding = 4; lastKnownFileType = sourcecode.swift; path = DBRosterStore.swift; sourceTree = "<group>"; };
		FE507A081CDB7B3B001A015C /* RosterItemTableViewCell.swift */ = {isa = PBXFileReference; fileEncoding = 4; lastKnownFileType = sourcecode.swift; path = RosterItemTableViewCell.swift; sourceTree = "<group>"; };
		FE507A091CDB7B3B001A015C /* RosterViewController.swift */ = {isa = PBXFileReference; fileEncoding = 4; lastKnownFileType = sourcecode.swift; path = RosterViewController.swift; sourceTree = "<group>"; };
		FE507A0B1CDB7B3B001A015C /* AccountTableViewCell.swift */ = {isa = PBXFileReference; fileEncoding = 4; lastKnownFileType = sourcecode.swift; path = AccountTableViewCell.swift; sourceTree = "<group>"; };
		FE507A0C1CDB7B3B001A015C /* AddAccountController.swift */ = {isa = PBXFileReference; fileEncoding = 4; lastKnownFileType = sourcecode.swift; path = AddAccountController.swift; sourceTree = "<group>"; };
		FE507A0D1CDB7B3B001A015C /* SettingsViewController.swift */ = {isa = PBXFileReference; fileEncoding = 4; lastKnownFileType = sourcecode.swift; path = SettingsViewController.swift; sourceTree = "<group>"; };
		FE507A0F1CDB7B3B001A015C /* AvatarStatusView.swift */ = {isa = PBXFileReference; fileEncoding = 4; lastKnownFileType = sourcecode.swift; path = AvatarStatusView.swift; sourceTree = "<group>"; };
		FE507A101CDB7B3B001A015C /* CustomTabBarController.swift */ = {isa = PBXFileReference; fileEncoding = 4; lastKnownFileType = sourcecode.swift; path = CustomTabBarController.swift; sourceTree = "<group>"; };
		FE507A111CDB7B3B001A015C /* GlobalSplitViewController.swift */ = {isa = PBXFileReference; fileEncoding = 4; lastKnownFileType = sourcecode.swift; path = GlobalSplitViewController.swift; sourceTree = "<group>"; };
		FE507A131CDB7B3B001A015C /* AccountManager.swift */ = {isa = PBXFileReference; fileEncoding = 4; lastKnownFileType = sourcecode.swift; path = AccountManager.swift; sourceTree = "<group>"; };
		FE507A141CDB7B3B001A015C /* AvatarManager.swift */ = {isa = PBXFileReference; fileEncoding = 4; lastKnownFileType = sourcecode.swift; path = AvatarManager.swift; sourceTree = "<group>"; };
		FE5628901F3621DB00452C73 /* ChatViewController_ShareExtension.swift */ = {isa = PBXFileReference; fileEncoding = 4; lastKnownFileType = sourcecode.swift; path = ChatViewController_ShareExtension.swift; sourceTree = "<group>"; };
		FE60F29B1ED48B470030D411 /* libxml2.tbd */ = {isa = PBXFileReference; lastKnownFileType = "sourcecode.text-based-dylib-definition"; name = libxml2.tbd; path = usr/lib/libxml2.tbd; sourceTree = SDKROOT; };
		FE65455F1E9E7B85006A14AC /* RegisterAccountController.swift */ = {isa = PBXFileReference; fileEncoding = 4; lastKnownFileType = sourcecode.swift; path = RegisterAccountController.swift; sourceTree = "<group>"; };
		FE6545611E9E7FDE006A14AC /* AccountDomainTableViewCell.swift */ = {isa = PBXFileReference; fileEncoding = 4; lastKnownFileType = sourcecode.swift; path = AccountDomainTableViewCell.swift; sourceTree = "<group>"; };
		FE6545631E9E8B67006A14AC /* ServerSelectorTableViewCell.swift */ = {isa = PBXFileReference; fileEncoding = 4; lastKnownFileType = sourcecode.swift; path = ServerSelectorTableViewCell.swift; sourceTree = "<group>"; };
		FE7F645A1D281B1C00B9DF56 /* DBCapabilitiesCache.swift */ = {isa = PBXFileReference; fileEncoding = 4; lastKnownFileType = sourcecode.swift; path = DBCapabilitiesCache.swift; sourceTree = "<group>"; };
		FE7F9302200FD5AC004C6195 /* AccountManagerScramSaltedPasswordCache.swift */ = {isa = PBXFileReference; lastKnownFileType = sourcecode.swift; path = AccountManagerScramSaltedPasswordCache.swift; sourceTree = "<group>"; };
		FE80BDA71D928AD2001914B0 /* TigaseSwift.framework */ = {isa = PBXFileReference; explicitFileType = wrapper.framework; path = TigaseSwift.framework; sourceTree = BUILT_PRODUCTS_DIR; };
		FE80BDA91D92974C001914B0 /* Tigase-iOS-Messenger.entitlements */ = {isa = PBXFileReference; lastKnownFileType = text.plist.entitlements; path = "Tigase-iOS-Messenger.entitlements"; sourceTree = "<group>"; };
		FE80BDAA1D953FC4001914B0 /* SetupViewController.swift */ = {isa = PBXFileReference; fileEncoding = 4; lastKnownFileType = sourcecode.swift; path = SetupViewController.swift; sourceTree = "<group>"; };
		FE86C4481F7BFF93009E3CB8 /* Tigase-iOS-Messenger-Bridging-Header.h */ = {isa = PBXFileReference; fileEncoding = 4; lastKnownFileType = sourcecode.c.h; path = "Tigase-iOS-Messenger-Bridging-Header.h"; sourceTree = "<group>"; };
		FE94E5211CCBA74F00FAE755 /* Tigase-iOS-Messenger.app */ = {isa = PBXFileReference; explicitFileType = wrapper.application; includeInIndex = 0; path = "Tigase-iOS-Messenger.app"; sourceTree = BUILT_PRODUCTS_DIR; };
		FE94E5241CCBA74F00FAE755 /* AppDelegate.swift */ = {isa = PBXFileReference; lastKnownFileType = sourcecode.swift; path = AppDelegate.swift; sourceTree = "<group>"; };
		FE94E52B1CCBA74F00FAE755 /* Base */ = {isa = PBXFileReference; lastKnownFileType = file.storyboard; name = Base; path = Base.lproj/Main.storyboard; sourceTree = "<group>"; };
		FE94E52D1CCBA74F00FAE755 /* Assets.xcassets */ = {isa = PBXFileReference; lastKnownFileType = folder.assetcatalog; path = Assets.xcassets; sourceTree = "<group>"; };
		FE94E5301CCBA74F00FAE755 /* Base */ = {isa = PBXFileReference; lastKnownFileType = file.storyboard; name = Base; path = Base.lproj/LaunchScreen.storyboard; sourceTree = "<group>"; };
		FE94E5321CCBA74F00FAE755 /* Info.plist */ = {isa = PBXFileReference; lastKnownFileType = text.plist.xml; path = Info.plist; sourceTree = "<group>"; };
		FE94E55D1CCCC14E00FAE755 /* libsqlite3.tbd */ = {isa = PBXFileReference; lastKnownFileType = "sourcecode.text-based-dylib-definition"; name = libsqlite3.tbd; path = usr/lib/libsqlite3.tbd; sourceTree = SDKROOT; };
		FE96259F1D9AE7CB00D07118 /* RosterProvider.swift */ = {isa = PBXFileReference; fileEncoding = 4; lastKnownFileType = sourcecode.swift; path = RosterProvider.swift; sourceTree = "<group>"; };
		FE9E136C1F25F5F7005C0EE5 /* ChatSettingsViewController.swift */ = {isa = PBXFileReference; fileEncoding = 4; lastKnownFileType = sourcecode.swift; path = ChatSettingsViewController.swift; sourceTree = "<group>"; };
		FE9E136E1F26049A005C0EE5 /* NotificationSettingsViewController.swift */ = {isa = PBXFileReference; fileEncoding = 4; lastKnownFileType = sourcecode.swift; path = NotificationSettingsViewController.swift; sourceTree = "<group>"; };
		FE9E13701F2606E9005C0EE5 /* ContactsSettingsViewController.swift */ = {isa = PBXFileReference; fileEncoding = 4; lastKnownFileType = sourcecode.swift; path = ContactsSettingsViewController.swift; sourceTree = "<group>"; };
		FE9E13721F260B33005C0EE5 /* StepperTableViewCell.swift */ = {isa = PBXFileReference; fileEncoding = 4; lastKnownFileType = sourcecode.swift; path = StepperTableViewCell.swift; sourceTree = "<group>"; };
		FEA308CF1F27A063002EF4C0 /* NavigationControllerWrappingSegue.swift */ = {isa = PBXFileReference; fileEncoding = 4; lastKnownFileType = sourcecode.swift; path = NavigationControllerWrappingSegue.swift; sourceTree = "<group>"; };
		FEA7BF5A21E50C5800D9E36C /* JingleManager.swift */ = {isa = PBXFileReference; lastKnownFileType = sourcecode.swift; path = JingleManager.swift; sourceTree = "<group>"; };
		FEA7BF5C21E50CAB00D9E36C /* JingleManager_Session.swift */ = {isa = PBXFileReference; lastKnownFileType = sourcecode.swift; path = JingleManager_Session.swift; sourceTree = "<group>"; };
		FEA8D65C1F2F6AF60077C12F /* VCardEntryTypeAwareTableViewCell.swift */ = {isa = PBXFileReference; fileEncoding = 4; lastKnownFileType = sourcecode.swift; path = VCardEntryTypeAwareTableViewCell.swift; sourceTree = "<group>"; };
		FEA8D6611F30F54B0077C12F /* XmppService.swift */ = {isa = PBXFileReference; fileEncoding = 4; lastKnownFileType = sourcecode.swift; path = XmppService.swift; sourceTree = "<group>"; };
		FEA8D6631F30F9260077C12F /* XmppService_VCardExtension.swift */ = {isa = PBXFileReference; fileEncoding = 4; lastKnownFileType = sourcecode.swift; path = XmppService_VCardExtension.swift; sourceTree = "<group>"; };
		FEAC71761CECA09B00ABABEF /* MucChatTableViewCell.swift */ = {isa = PBXFileReference; fileEncoding = 4; lastKnownFileType = sourcecode.swift; path = MucChatTableViewCell.swift; sourceTree = "<group>"; };
		FEAC71781CECE50400ABABEF /* MucChatOccupantsTableViewController.swift */ = {isa = PBXFileReference; fileEncoding = 4; lastKnownFileType = sourcecode.swift; path = MucChatOccupantsTableViewController.swift; sourceTree = "<group>"; };
		FEAC717A1CECE70100ABABEF /* MucChatOccupantsTableViewCell.swift */ = {isa = PBXFileReference; fileEncoding = 4; lastKnownFileType = sourcecode.swift; path = MucChatOccupantsTableViewCell.swift; sourceTree = "<group>"; };
		FEB5EC9C1F6AE448007FE0E7 /* BaseChatViewControllerWithContextMenuAndToolbar.swift */ = {isa = PBXFileReference; fileEncoding = 4; lastKnownFileType = sourcecode.swift; path = BaseChatViewControllerWithContextMenuAndToolbar.swift; sourceTree = "<group>"; };
		FEB62C4F1DA80956001500D5 /* AvatarStore.swift */ = {isa = PBXFileReference; fileEncoding = 4; lastKnownFileType = sourcecode.swift; path = AvatarStore.swift; sourceTree = "<group>"; };
		FEC514211CEA3D2E003AF765 /* DBRoomsManager.swift */ = {isa = PBXFileReference; fileEncoding = 4; lastKnownFileType = sourcecode.swift; path = DBRoomsManager.swift; sourceTree = "<group>"; };
		FEC514231CEB2FF7003AF765 /* MucJoinViewController.swift */ = {isa = PBXFileReference; fileEncoding = 4; lastKnownFileType = sourcecode.swift; path = MucJoinViewController.swift; sourceTree = "<group>"; };
		FEC514251CEB74F8003AF765 /* BaseChatViewController.swift */ = {isa = PBXFileReference; fileEncoding = 4; lastKnownFileType = sourcecode.swift; path = BaseChatViewController.swift; sourceTree = "<group>"; };
		FEC514271CEB82E9003AF765 /* MucChatViewController.swift */ = {isa = PBXFileReference; fileEncoding = 4; lastKnownFileType = sourcecode.swift; path = MucChatViewController.swift; sourceTree = "<group>"; };
		FEDCBF661D9C3EE700AE9129 /* RosterProviderFlat.swift */ = {isa = PBXFileReference; fileEncoding = 4; lastKnownFileType = sourcecode.swift; path = RosterProviderFlat.swift; sourceTree = "<group>"; };
		FEDCBF681D9C53BA00AE9129 /* RosterProviderGrouped.swift */ = {isa = PBXFileReference; fileEncoding = 4; lastKnownFileType = sourcecode.swift; path = RosterProviderGrouped.swift; sourceTree = "<group>"; };
		FEDE3B4F1F7162AA00075F6E /* CustomChatManager.swift */ = {isa = PBXFileReference; fileEncoding = 4; lastKnownFileType = sourcecode.swift; path = CustomChatManager.swift; sourceTree = "<group>"; };
		FEDE93861D07564F00CA60A9 /* SwitchTableViewCell.swift */ = {isa = PBXFileReference; fileEncoding = 4; lastKnownFileType = sourcecode.swift; path = SwitchTableViewCell.swift; sourceTree = "<group>"; };
		FEDE93881D081C3D00CA60A9 /* Settings.swift */ = {isa = PBXFileReference; fileEncoding = 4; lastKnownFileType = sourcecode.swift; path = Settings.swift; sourceTree = "<group>"; };
		FEDE938B1D08AFE800CA60A9 /* VCardEditViewController.swift */ = {isa = PBXFileReference; fileEncoding = 4; lastKnownFileType = sourcecode.swift; path = VCardEditViewController.swift; sourceTree = "<group>"; };
		FEDE938D1D09BB6200CA60A9 /* VCardEditBasicTableViewCell.swift */ = {isa = PBXFileReference; fileEncoding = 4; lastKnownFileType = sourcecode.swift; path = VCardEditBasicTableViewCell.swift; sourceTree = "<group>"; };
		FEDE938F1D09BB8300CA60A9 /* VCardEditPhoneTableViewCell.swift */ = {isa = PBXFileReference; fileEncoding = 4; lastKnownFileType = sourcecode.swift; path = VCardEditPhoneTableViewCell.swift; sourceTree = "<group>"; };
		FEDE93911D09E74100CA60A9 /* VCardEditAddressTableViewCell.swift */ = {isa = PBXFileReference; fileEncoding = 4; lastKnownFileType = sourcecode.swift; path = VCardEditAddressTableViewCell.swift; sourceTree = "<group>"; };
		FEDE93931D0AC01200CA60A9 /* VCardEditEmailTableViewCell.swift */ = {isa = PBXFileReference; fileEncoding = 4; lastKnownFileType = sourcecode.swift; path = VCardEditEmailTableViewCell.swift; sourceTree = "<group>"; };
		FEDE93961D0C202600CA60A9 /* ContactViewController.swift */ = {isa = PBXFileReference; fileEncoding = 4; lastKnownFileType = sourcecode.swift; path = ContactViewController.swift; sourceTree = "<group>"; };
		FEDE93981D0C207100CA60A9 /* ContactBasicTableViewCell.swift */ = {isa = PBXFileReference; fileEncoding = 4; lastKnownFileType = sourcecode.swift; path = ContactBasicTableViewCell.swift; sourceTree = "<group>"; };
		FEDE939A1D0C38B000CA60A9 /* ContactFormTableViewCell.swift */ = {isa = PBXFileReference; fileEncoding = 4; lastKnownFileType = sourcecode.swift; path = ContactFormTableViewCell.swift; sourceTree = "<group>"; };
		FEE097611F1FCE1800B1CEAB /* TablePicketViewController.swift */ = {isa = PBXFileReference; fileEncoding = 4; lastKnownFileType = sourcecode.swift; path = TablePicketViewController.swift; sourceTree = "<group>"; };
		FEF80DB11CDBBBFE005645A7 /* AccountSettingsViewController.swift */ = {isa = PBXFileReference; fileEncoding = 4; lastKnownFileType = sourcecode.swift; path = AccountSettingsViewController.swift; sourceTree = "<group>"; };
		FEFB63AC1F31E4EE00EFB3E7 /* MainTabBarController.swift */ = {isa = PBXFileReference; fileEncoding = 4; lastKnownFileType = sourcecode.swift; path = MainTabBarController.swift; sourceTree = "<group>"; };
/* End PBXFileReference section */

/* Begin PBXFrameworksBuildPhase section */
		FE4DDF501F39E0B500A4CE5A /* Frameworks */ = {
			isa = PBXFrameworksBuildPhase;
			buildActionMask = 2147483647;
			files = (
				FEA370BE1F3F3F8B0050CBAC /* TigaseSwift.framework in Frameworks */,
			);
			runOnlyForDeploymentPostprocessing = 0;
		};
		FE94E51E1CCBA74F00FAE755 /* Frameworks */ = {
			isa = PBXFrameworksBuildPhase;
			buildActionMask = 2147483647;
			files = (
				FE5079F01CD3CA91001A015C /* Security.framework in Frameworks */,
				FE94E55E1CCCC14E00FAE755 /* libsqlite3.tbd in Frameworks */,
			);
			runOnlyForDeploymentPostprocessing = 0;
		};
/* End PBXFrameworksBuildPhase section */

/* Begin PBXGroup section */
		FE01ADA11E214CEA00FA7E65 /* xmpp */ = {
			isa = PBXGroup;
			children = (
				FE01ADA81E224CF400FA7E65 /* TigasePushNotificationsModule.swift */,
			);
			path = xmpp;
			sourceTree = "<group>";
		};
		FE4071E221E2603400F09B58 /* voip */ = {
			isa = PBXGroup;
			children = (
				FE4071E321E2605900F09B58 /* VideoCallController.swift */,
				FEA7BF5A21E50C5800D9E36C /* JingleManager.swift */,
				FEA7BF5C21E50CAB00D9E36C /* JingleManager_Session.swift */,
				FE233CD421E6846E00099281 /* CameraPreviewView.swift */,
			);
			path = voip;
			sourceTree = "<group>";
		};
		FE4DDF541F39E0B500A4CE5A /* Tigase Messenger - Share */ = {
			isa = PBXGroup;
			children = (
				FE4DDF621F3A12AD00A4CE5A /* Tigase Messenger - Share.entitlements */,
				FE4DDF551F39E0B500A4CE5A /* ShareViewController.swift */,
				FE4DDF571F39E0B500A4CE5A /* MainInterface.storyboard */,
				FE4DDF5A1F39E0B500A4CE5A /* Info.plist */,
				FE4DDF631F3A181B00A4CE5A /* AccountsTableViewController.swift */,
				FE4DDF651F3A207200A4CE5A /* AccountTableViewCell.swift */,
				FE4DDF671F3A403900A4CE5A /* RecipientsSelectionViewController.swift */,
				FE4DDF691F3A44AC00A4CE5A /* RecipientTableViewCell.swift */,
				FE258EA91F3B8BC90042CED9 /* Assets.xcassets */,
			);
			path = "Tigase Messenger - Share";
			sourceTree = "<group>";
		};
		FE5079FD1CDB7B3B001A015C /* chats */ = {
			isa = PBXGroup;
			children = (
				FE5079FE1CDB7B3B001A015C /* ChatsListTableViewCell.swift */,
				FE5079FF1CDB7B3B001A015C /* ChatsListViewController.swift */,
				FE507A001CDB7B3B001A015C /* ChatTableViewCell.swift */,
				FE507A011CDB7B3B001A015C /* ChatViewController.swift */,
				FEC514231CEB2FF7003AF765 /* MucJoinViewController.swift */,
				FEC514251CEB74F8003AF765 /* BaseChatViewController.swift */,
				FEC514271CEB82E9003AF765 /* MucChatViewController.swift */,
				FEAC71761CECA09B00ABABEF /* MucChatTableViewCell.swift */,
				FEAC71781CECE50400ABABEF /* MucChatOccupantsTableViewController.swift */,
				FEAC717A1CECE70100ABABEF /* MucChatOccupantsTableViewCell.swift */,
				FE0A674C1D4F645F00124480 /* CachedViewController.swift */,
				FE5628901F3621DB00452C73 /* ChatViewController_ShareExtension.swift */,
				FE43EB561F3DBAAE00A4CAAD /* BaseChatViewController_PreviewExtension.swift */,
				FEB5EC9C1F6AE448007FE0E7 /* BaseChatViewControllerWithContextMenuAndToolbar.swift */,
			);
			path = chats;
			sourceTree = "<group>";
		};
		FE507A021CDB7B3B001A015C /* database */ = {
			isa = PBXGroup;
			children = (
				FE507A031CDB7B3B001A015C /* DBChatHistoryStore.swift */,
				FE507A041CDB7B3B001A015C /* DBChatStore.swift */,
				FE507A051CDB7B3B001A015C /* DBManager.swift */,
				FE507A061CDB7B3B001A015C /* DBRosterStore.swift */,
				FE3024311CE2036A00466497 /* DBVCardsCache.swift */,
				FEC514211CEA3D2E003AF765 /* DBRoomsManager.swift */,
				FE7F645A1D281B1C00B9DF56 /* DBCapabilitiesCache.swift */,
				FE2A0E8F1F74051E006ADF08 /* DBSchemaManager.swift */,
			);
			path = database;
			sourceTree = "<group>";
		};
		FE507A071CDB7B3B001A015C /* roster */ = {
			isa = PBXGroup;
			children = (
				FE507A081CDB7B3B001A015C /* RosterItemTableViewCell.swift */,
				FE507A091CDB7B3B001A015C /* RosterViewController.swift */,
				FE3A45CE1CE49D3300C36264 /* RosterItemEditViewController.swift */,
				FE96259F1D9AE7CB00D07118 /* RosterProvider.swift */,
				FEDCBF661D9C3EE700AE9129 /* RosterProviderFlat.swift */,
				FEDCBF681D9C53BA00AE9129 /* RosterProviderGrouped.swift */,
			);
			path = roster;
			sourceTree = "<group>";
		};
		FE507A0A1CDB7B3B001A015C /* settings */ = {
			isa = PBXGroup;
			children = (
				FE507A0B1CDB7B3B001A015C /* AccountTableViewCell.swift */,
				FE507A0C1CDB7B3B001A015C /* AddAccountController.swift */,
				FE507A0D1CDB7B3B001A015C /* SettingsViewController.swift */,
				FEF80DB11CDBBBFE005645A7 /* AccountSettingsViewController.swift */,
				FE80BDAA1D953FC4001914B0 /* SetupViewController.swift */,
				FE65455F1E9E7B85006A14AC /* RegisterAccountController.swift */,
				FE6545611E9E7FDE006A14AC /* AccountDomainTableViewCell.swift */,
				FE6545631E9E8B67006A14AC /* ServerSelectorTableViewCell.swift */,
				FE9E136C1F25F5F7005C0EE5 /* ChatSettingsViewController.swift */,
				FE9E136E1F26049A005C0EE5 /* NotificationSettingsViewController.swift */,
				FE9E13701F2606E9005C0EE5 /* ContactsSettingsViewController.swift */,
				FE00157E2019090300490340 /* ExperimentalSettingsViewController.swift */,
				FE2809802167CE18002F5BD0 /* server_features_list.xml */,
				FE2809822167CF1B002F5BD0 /* ServerFeaturesViewController.swift */,
			);
			path = settings;
			sourceTree = "<group>";
		};
		FE507A0E1CDB7B3B001A015C /* ui */ = {
			isa = PBXGroup;
			children = (
				FE507A0F1CDB7B3B001A015C /* AvatarStatusView.swift */,
				FE507A101CDB7B3B001A015C /* CustomTabBarController.swift */,
				FE507A111CDB7B3B001A015C /* GlobalSplitViewController.swift */,
				FEDE93861D07564F00CA60A9 /* SwitchTableViewCell.swift */,
				FE1DCCA11EA52CE200850563 /* DataFormController.swift */,
				FEE097611F1FCE1800B1CEAB /* TablePicketViewController.swift */,
				FE9E13721F260B33005C0EE5 /* StepperTableViewCell.swift */,
				FEA308CF1F27A063002EF4C0 /* NavigationControllerWrappingSegue.swift */,
				FEFB63AC1F31E4EE00EFB3E7 /* MainTabBarController.swift */,
				FE3DCCED1FE18334008B6C8B /* CertificateErrorAlert.swift */,
				FE4071E721E2653700F09B58 /* RoundButton.swift */,
				FE233CDC21EA062E00099281 /* AboutController.swift */,
			);
			path = ui;
			sourceTree = "<group>";
		};
		FE507A121CDB7B3B001A015C /* util */ = {
			isa = PBXGroup;
			children = (
				FE507A131CDB7B3B001A015C /* AccountManager.swift */,
				FE507A141CDB7B3B001A015C /* AvatarManager.swift */,
				FEDE93881D081C3D00CA60A9 /* Settings.swift */,
				FEB62C4F1DA80956001500D5 /* AvatarStore.swift */,
				FE43EB541F3CC55900A4CAAD /* ImageCache.swift */,
				FE7F9302200FD5AC004C6195 /* AccountManagerScramSaltedPasswordCache.swift */,
			);
			path = util;
			sourceTree = "<group>";
		};
		FE60F29A1ED48B470030D411 /* Frameworks */ = {
			isa = PBXGroup;
			children = (
				FE60F29B1ED48B470030D411 /* libxml2.tbd */,
			);
			name = Frameworks;
			sourceTree = "<group>";
		};
		FE94E5181CCBA74F00FAE755 = {
			isa = PBXGroup;
			children = (
				FE233CD821E9393C00099281 /* WebRTC.framework */,
				FE60F29A1ED48B470030D411 /* Frameworks */,
				FE94E55D1CCCC14E00FAE755 /* libsqlite3.tbd */,
				FE94E5221CCBA74F00FAE755 /* Products */,
				FE5079EF1CD3CA91001A015C /* Security.framework */,
				FE94E5231CCBA74F00FAE755 /* Tigase iOS Messenger */,
				FE4DDF541F39E0B500A4CE5A /* Tigase Messenger - Share */,
				FE80BDA91D92974C001914B0 /* Tigase-iOS-Messenger.entitlements */,
				FE80BDA71D928AD2001914B0 /* TigaseSwift.framework */,
			);
			sourceTree = "<group>";
		};
		FE94E5221CCBA74F00FAE755 /* Products */ = {
			isa = PBXGroup;
			children = (
				FE94E5211CCBA74F00FAE755 /* Tigase-iOS-Messenger.app */,
				FE4DDF531F39E0B500A4CE5A /* Tigase Messenger - Share.appex */,
			);
			name = Products;
			sourceTree = "<group>";
		};
		FE94E5231CCBA74F00FAE755 /* Tigase iOS Messenger */ = {
			isa = PBXGroup;
			children = (
				FE4071E221E2603400F09B58 /* voip */,
				FE86C4481F7BFF93009E3CB8 /* Tigase-iOS-Messenger-Bridging-Header.h */,
				FE94E5241CCBA74F00FAE755 /* AppDelegate.swift */,
				FE94E52D1CCBA74F00FAE755 /* Assets.xcassets */,
				FE168ACC1CCD197A003F8B26 /* db-schema-1.sql */,
				FE2A0E8D1F74012D006ADF08 /* db-schema-2.sql */,
				FE4496C31F87911C009F649C /* db-schema-3.sql */,
				FE94E5321CCBA74F00FAE755 /* Info.plist */,
				FE94E52F1CCBA74F00FAE755 /* LaunchScreen.storyboard */,
				FE94E52A1CCBA74F00FAE755 /* Main.storyboard */,
				FE4071E521E262D900F09B58 /* VoIP.storyboard */,
				FE5079FD1CDB7B3B001A015C /* chats */,
				FEDE93951D0C200C00CA60A9 /* contacts */,
				FE507A021CDB7B3B001A015C /* database */,
				FE507A071CDB7B3B001A015C /* roster */,
				FEA8D6601F30F54B0077C12F /* service */,
				FE507A0A1CDB7B3B001A015C /* settings */,
				FE507A0E1CDB7B3B001A015C /* ui */,
				FE507A121CDB7B3B001A015C /* util */,
				FEDE938A1D08A4DD00CA60A9 /* vcard */,
				FE01ADA11E214CEA00FA7E65 /* xmpp */,
				FE233CDA21EA03DD00099281 /* Info.storyboard */,
			);
			path = "Tigase iOS Messenger";
			sourceTree = "<group>";
		};
		FEA8D6601F30F54B0077C12F /* service */ = {
			isa = PBXGroup;
			children = (
				FEA8D6611F30F54B0077C12F /* XmppService.swift */,
				FEA8D6631F30F9260077C12F /* XmppService_VCardExtension.swift */,
				FEDE3B4F1F7162AA00075F6E /* CustomChatManager.swift */,
				FE31DDE3201261A200C2AB1D /* DNSSrvDiskCache.swift */,
				FE00157C2017617B00490340 /* StreamFeaturesCache.swift */,
				FE1AC8F6216B8AB700D4CDAB /* NewFeaturesDetector.swift */,
			);
			path = service;
			sourceTree = "<group>";
		};
		FEDE938A1D08A4DD00CA60A9 /* vcard */ = {
			isa = PBXGroup;
			children = (
				FEDE938B1D08AFE800CA60A9 /* VCardEditViewController.swift */,
				FEDE938D1D09BB6200CA60A9 /* VCardEditBasicTableViewCell.swift */,
				FEDE938F1D09BB8300CA60A9 /* VCardEditPhoneTableViewCell.swift */,
				FEDE93911D09E74100CA60A9 /* VCardEditAddressTableViewCell.swift */,
				FEDE93931D0AC01200CA60A9 /* VCardEditEmailTableViewCell.swift */,
				FEA8D65C1F2F6AF60077C12F /* VCardEntryTypeAwareTableViewCell.swift */,
			);
			path = vcard;
			sourceTree = "<group>";
		};
		FEDE93951D0C200C00CA60A9 /* contacts */ = {
			isa = PBXGroup;
			children = (
				FEDE93961D0C202600CA60A9 /* ContactViewController.swift */,
				FEDE93981D0C207100CA60A9 /* ContactBasicTableViewCell.swift */,
				FEDE939A1D0C38B000CA60A9 /* ContactFormTableViewCell.swift */,
			);
			path = contacts;
			sourceTree = "<group>";
		};
/* End PBXGroup section */

/* Begin PBXNativeTarget section */
		FE4DDF521F39E0B500A4CE5A /* Tigase Messenger - Share */ = {
			isa = PBXNativeTarget;
			buildConfigurationList = FE4DDF5E1F39E0B600A4CE5A /* Build configuration list for PBXNativeTarget "Tigase Messenger - Share" */;
			buildPhases = (
				FE4DDF4F1F39E0B500A4CE5A /* Sources */,
				FE4DDF501F39E0B500A4CE5A /* Frameworks */,
				FE4DDF511F39E0B500A4CE5A /* Resources */,
			);
			buildRules = (
			);
			dependencies = (
			);
			name = "Tigase Messenger - Share";
			productName = "Tigase Messenger - Share";
			productReference = FE4DDF531F39E0B500A4CE5A /* Tigase Messenger - Share.appex */;
			productType = "com.apple.product-type.app-extension";
		};
		FE94E5201CCBA74F00FAE755 /* Tigase-iOS-Messenger */ = {
			isa = PBXNativeTarget;
			buildConfigurationList = FE94E54B1CCBA74F00FAE755 /* Build configuration list for PBXNativeTarget "Tigase-iOS-Messenger" */;
			buildPhases = (
				FE94E51D1CCBA74F00FAE755 /* Sources */,
				FE94E51E1CCBA74F00FAE755 /* Frameworks */,
				FE94E51F1CCBA74F00FAE755 /* Resources */,
				FECD0F2A1CDB8B1B00420DF5 /* Mark TODO and FIX ME */,
				FEF80DB71CDCC508005645A7 /* Embed Frameworks */,
				FE0473391D86CEE700E6D6CE /* Trim Framework Executables */,
				FE4DDF611F39E0B600A4CE5A /* Embed App Extensions */,
			);
			buildRules = (
			);
			dependencies = (
				FE4DDF5C1F39E0B500A4CE5A /* PBXTargetDependency */,
			);
			name = "Tigase-iOS-Messenger";
			productName = "Tigase iOS Messenger";
			productReference = FE94E5211CCBA74F00FAE755 /* Tigase-iOS-Messenger.app */;
			productType = "com.apple.product-type.application";
		};
/* End PBXNativeTarget section */

/* Begin PBXProject section */
		FE94E5191CCBA74F00FAE755 /* Project object */ = {
			isa = PBXProject;
			attributes = {
				LastSwiftUpdateCheck = 0830;
				LastUpgradeCheck = 1000;
				ORGANIZATIONNAME = "Tigase, Inc.";
				TargetAttributes = {
					FE4DDF521F39E0B500A4CE5A = {
						CreatedOnToolsVersion = 8.3.3;
						DevelopmentTeam = YBEYW6E35C;
						LastSwiftMigration = 1000;
						ProvisioningStyle = Automatic;
						SystemCapabilities = {
							com.apple.ApplicationGroups.iOS = {
								enabled = 1;
							};
							com.apple.Keychain = {
								enabled = 1;
							};
						};
					};
					FE94E5201CCBA74F00FAE755 = {
						CreatedOnToolsVersion = 7.3;
						DevelopmentTeam = YBEYW6E35C;
						LastSwiftMigration = 1000;
						SystemCapabilities = {
							com.apple.ApplicationGroups.iOS = {
								enabled = 1;
							};
							com.apple.BackgroundModes = {
								enabled = 1;
							};
							com.apple.Keychain = {
								enabled = 1;
							};
							com.apple.Push = {
								enabled = 1;
							};
						};
					};
				};
			};
			buildConfigurationList = FE94E51C1CCBA74F00FAE755 /* Build configuration list for PBXProject "Tigase-iOS-Messenger" */;
			compatibilityVersion = "Xcode 3.2";
			developmentRegion = English;
			hasScannedForEncodings = 0;
			knownRegions = (
				en,
				Base,
			);
			mainGroup = FE94E5181CCBA74F00FAE755;
			productRefGroup = FE94E5221CCBA74F00FAE755 /* Products */;
			projectDirPath = "";
			projectRoot = "";
			targets = (
				FE94E5201CCBA74F00FAE755 /* Tigase-iOS-Messenger */,
				FE4DDF521F39E0B500A4CE5A /* Tigase Messenger - Share */,
			);
		};
/* End PBXProject section */

/* Begin PBXResourcesBuildPhase section */
		FE4DDF511F39E0B500A4CE5A /* Resources */ = {
			isa = PBXResourcesBuildPhase;
			buildActionMask = 2147483647;
			files = (
				FE258EAA1F3B8BC90042CED9 /* Assets.xcassets in Resources */,
				FE4DDF591F39E0B500A4CE5A /* MainInterface.storyboard in Resources */,
			);
			runOnlyForDeploymentPostprocessing = 0;
		};
		FE94E51F1CCBA74F00FAE755 /* Resources */ = {
			isa = PBXResourcesBuildPhase;
			buildActionMask = 2147483647;
			files = (
				FE233CDB21EA03DD00099281 /* Info.storyboard in Resources */,
				FE4496C51F87934E009F649C /* db-schema-3.sql in Resources */,
				FE94E5311CCBA74F00FAE755 /* LaunchScreen.storyboard in Resources */,
				FE2A0E8E1F74012D006ADF08 /* db-schema-2.sql in Resources */,
				FE94E52E1CCBA74F00FAE755 /* Assets.xcassets in Resources */,
				FE4071E621E262D900F09B58 /* VoIP.storyboard in Resources */,
				FE94E52C1CCBA74F00FAE755 /* Main.storyboard in Resources */,
				FE168ACD1CCD197A003F8B26 /* db-schema-1.sql in Resources */,
				FE2809812167CE18002F5BD0 /* server_features_list.xml in Resources */,
			);
			runOnlyForDeploymentPostprocessing = 0;
		};
/* End PBXResourcesBuildPhase section */

/* Begin PBXShellScriptBuildPhase section */
		FE0473391D86CEE700E6D6CE /* Trim Framework Executables */ = {
			isa = PBXShellScriptBuildPhase;
			buildActionMask = 2147483647;
			files = (
			);
			inputPaths = (
			);
			name = "Trim Framework Executables";
			outputPaths = (
			);
			runOnlyForDeploymentPostprocessing = 0;
			shellPath = /bin/sh;
			shellScript = "#\"${SRCROOT}/\"trim.sh TigaseSwift\n";
		};
		FECD0F2A1CDB8B1B00420DF5 /* Mark TODO and FIX ME */ = {
			isa = PBXShellScriptBuildPhase;
			buildActionMask = 2147483647;
			files = (
			);
			inputPaths = (
			);
			name = "Mark TODO and FIX ME";
			outputPaths = (
			);
			runOnlyForDeploymentPostprocessing = 0;
			shellPath = /bin/sh;
			shellScript = "\"${SRCROOT}/\"swiftScript.swift argumentOne argumentTwo\n";
		};
/* End PBXShellScriptBuildPhase section */

/* Begin PBXSourcesBuildPhase section */
		FE4DDF4F1F39E0B500A4CE5A /* Sources */ = {
			isa = PBXSourcesBuildPhase;
			buildActionMask = 2147483647;
			files = (
				FE4DDF661F3A207200A4CE5A /* AccountTableViewCell.swift in Sources */,
				FE4DDF681F3A403900A4CE5A /* RecipientsSelectionViewController.swift in Sources */,
				FE4DDF561F39E0B500A4CE5A /* ShareViewController.swift in Sources */,
				FE4DDF6A1F3A44AC00A4CE5A /* RecipientTableViewCell.swift in Sources */,
				FE4DDF641F3A181B00A4CE5A /* AccountsTableViewController.swift in Sources */,
			);
			runOnlyForDeploymentPostprocessing = 0;
		};
		FE94E51D1CCBA74F00FAE755 /* Sources */ = {
			isa = PBXSourcesBuildPhase;
			buildActionMask = 2147483647;
			files = (
				FEDE93921D09E74100CA60A9 /* VCardEditAddressTableViewCell.swift in Sources */,
				FEAC71791CECE50400ABABEF /* MucChatOccupantsTableViewController.swift in Sources */,
				FEDE93971D0C202600CA60A9 /* ContactViewController.swift in Sources */,
				FE1AC8F7216B8AB700D4CDAB /* NewFeaturesDetector.swift in Sources */,
				FE4071E821E2653700F09B58 /* RoundButton.swift in Sources */,
				FEAC717B1CECE70100ABABEF /* MucChatOccupantsTableViewCell.swift in Sources */,
				FE7F9303200FD5AC004C6195 /* AccountManagerScramSaltedPasswordCache.swift in Sources */,
				FE9625A01D9AE7CB00D07118 /* RosterProvider.swift in Sources */,
				FE3A45CF1CE49D3300C36264 /* RosterItemEditViewController.swift in Sources */,
				FE507A211CDB7B3B001A015C /* SettingsViewController.swift in Sources */,
				FE507A191CDB7B3B001A015C /* DBChatHistoryStore.swift in Sources */,
				FEA8D65D1F2F6AF60077C12F /* VCardEntryTypeAwareTableViewCell.swift in Sources */,
				FEB62C501DA80956001500D5 /* AvatarStore.swift in Sources */,
				FE507A1E1CDB7B3B001A015C /* RosterViewController.swift in Sources */,
				FEDCBF691D9C53BA00AE9129 /* RosterProviderGrouped.swift in Sources */,
				FEDE938C1D08AFE800CA60A9 /* VCardEditViewController.swift in Sources */,
				FE507A161CDB7B3B001A015C /* ChatsListViewController.swift in Sources */,
				FE01ADA91E224CF400FA7E65 /* TigasePushNotificationsModule.swift in Sources */,
				FE507A1F1CDB7B3B001A015C /* AccountTableViewCell.swift in Sources */,
				FE7F645B1D281B1C00B9DF56 /* DBCapabilitiesCache.swift in Sources */,
				FEDE93891D081C3D00CA60A9 /* Settings.swift in Sources */,
				FEB5EC9D1F6AE448007FE0E7 /* BaseChatViewControllerWithContextMenuAndToolbar.swift in Sources */,
				FE9E136F1F26049A005C0EE5 /* NotificationSettingsViewController.swift in Sources */,
				FEA8D6641F30F9260077C12F /* XmppService_VCardExtension.swift in Sources */,
				FE1DCCA21EA52CE200850563 /* DataFormController.swift in Sources */,
				FE2A0E901F74051E006ADF08 /* DBSchemaManager.swift in Sources */,
				FE6545641E9E8B67006A14AC /* ServerSelectorTableViewCell.swift in Sources */,
				FE00157F2019090300490340 /* ExperimentalSettingsViewController.swift in Sources */,
				FEDE93871D07564F00CA60A9 /* SwitchTableViewCell.swift in Sources */,
				FE507A171CDB7B3B001A015C /* ChatTableViewCell.swift in Sources */,
				FE31DDE4201261A200C2AB1D /* DNSSrvDiskCache.swift in Sources */,
				FE233CDD21EA062E00099281 /* AboutController.swift in Sources */,
				FE4071E421E2605900F09B58 /* VideoCallController.swift in Sources */,
				FE9E13731F260B33005C0EE5 /* StepperTableViewCell.swift in Sources */,
				FE6545601E9E7B85006A14AC /* RegisterAccountController.swift in Sources */,
				FEC514221CEA3D2F003AF765 /* DBRoomsManager.swift in Sources */,
				FE43EB571F3DBAAE00A4CAAD /* BaseChatViewController_PreviewExtension.swift in Sources */,
				FE507A181CDB7B3B001A015C /* ChatViewController.swift in Sources */,
				FEFB63AD1F31E4EE00EFB3E7 /* MainTabBarController.swift in Sources */,
				FE0A674D1D4F645F00124480 /* CachedViewController.swift in Sources */,
				FEC514241CEB2FF7003AF765 /* MucJoinViewController.swift in Sources */,
				FE507A201CDB7B3B001A015C /* AddAccountController.swift in Sources */,
				FEAC71771CECA09B00ABABEF /* MucChatTableViewCell.swift in Sources */,
				FE507A151CDB7B3B001A015C /* ChatsListTableViewCell.swift in Sources */,
				FE43EB551F3CC55900A4CAAD /* ImageCache.swift in Sources */,
				FE507A1C1CDB7B3B001A015C /* DBRosterStore.swift in Sources */,
				FE94E5251CCBA74F00FAE755 /* AppDelegate.swift in Sources */,
				FEF80DB21CDBBBFE005645A7 /* AccountSettingsViewController.swift in Sources */,
				FE6545621E9E7FDE006A14AC /* AccountDomainTableViewCell.swift in Sources */,
				FE507A231CDB7B3B001A015C /* CustomTabBarController.swift in Sources */,
				FEA8D6621F30F54B0077C12F /* XmppService.swift in Sources */,
				FE5628911F3621DB00452C73 /* ChatViewController_ShareExtension.swift in Sources */,
				FEA7BF5D21E50CAB00D9E36C /* JingleManager_Session.swift in Sources */,
				FE507A1A1CDB7B3B001A015C /* DBChatStore.swift in Sources */,
				FE80BDAB1D953FC4001914B0 /* SetupViewController.swift in Sources */,
				FEE097621F1FCE1800B1CEAB /* TablePicketViewController.swift in Sources */,
				FEDE93941D0AC01200CA60A9 /* VCardEditEmailTableViewCell.swift in Sources */,
				FEDE3B501F7162AA00075F6E /* CustomChatManager.swift in Sources */,
				FEDE939B1D0C38B000CA60A9 /* ContactFormTableViewCell.swift in Sources */,
				FEDE93991D0C207100CA60A9 /* ContactBasicTableViewCell.swift in Sources */,
				FE507A251CDB7B3B001A015C /* AccountManager.swift in Sources */,
				FEDE93901D09BB8300CA60A9 /* VCardEditPhoneTableViewCell.swift in Sources */,
				FE507A221CDB7B3B001A015C /* AvatarStatusView.swift in Sources */,
				FE3DCCEE1FE18334008B6C8B /* CertificateErrorAlert.swift in Sources */,
				FEDCBF671D9C3EE700AE9129 /* RosterProviderFlat.swift in Sources */,
				FE9E136D1F25F5F7005C0EE5 /* ChatSettingsViewController.swift in Sources */,
				FE9E13711F2606E9005C0EE5 /* ContactsSettingsViewController.swift in Sources */,
				FE00157D2017617B00490340 /* StreamFeaturesCache.swift in Sources */,
				FEDE938E1D09BB6200CA60A9 /* VCardEditBasicTableViewCell.swift in Sources */,
				FEC514261CEB74F8003AF765 /* BaseChatViewController.swift in Sources */,
				FE507A1D1CDB7B3B001A015C /* RosterItemTableViewCell.swift in Sources */,
				FE2809832167CF1B002F5BD0 /* ServerFeaturesViewController.swift in Sources */,
				FEC514281CEB82E9003AF765 /* MucChatViewController.swift in Sources */,
				FE3024321CE2036A00466497 /* DBVCardsCache.swift in Sources */,
				FE507A1B1CDB7B3B001A015C /* DBManager.swift in Sources */,
				FE507A241CDB7B3B001A015C /* GlobalSplitViewController.swift in Sources */,
				FE233CD521E6846E00099281 /* CameraPreviewView.swift in Sources */,
				FE507A261CDB7B3B001A015C /* AvatarManager.swift in Sources */,
				FEA308D01F27A063002EF4C0 /* NavigationControllerWrappingSegue.swift in Sources */,
				FEA7BF5B21E50C5800D9E36C /* JingleManager.swift in Sources */,
			);
			runOnlyForDeploymentPostprocessing = 0;
		};
/* End PBXSourcesBuildPhase section */

/* Begin PBXTargetDependency section */
		FE4DDF5C1F39E0B500A4CE5A /* PBXTargetDependency */ = {
			isa = PBXTargetDependency;
			target = FE4DDF521F39E0B500A4CE5A /* Tigase Messenger - Share */;
			targetProxy = FE4DDF5B1F39E0B500A4CE5A /* PBXContainerItemProxy */;
		};
/* End PBXTargetDependency section */

/* Begin PBXVariantGroup section */
		FE4DDF571F39E0B500A4CE5A /* MainInterface.storyboard */ = {
			isa = PBXVariantGroup;
			children = (
				FE4DDF581F39E0B500A4CE5A /* Base */,
			);
			name = MainInterface.storyboard;
			sourceTree = "<group>";
		};
		FE94E52A1CCBA74F00FAE755 /* Main.storyboard */ = {
			isa = PBXVariantGroup;
			children = (
				FE94E52B1CCBA74F00FAE755 /* Base */,
			);
			name = Main.storyboard;
			sourceTree = "<group>";
		};
		FE94E52F1CCBA74F00FAE755 /* LaunchScreen.storyboard */ = {
			isa = PBXVariantGroup;
			children = (
				FE94E5301CCBA74F00FAE755 /* Base */,
			);
			name = LaunchScreen.storyboard;
			sourceTree = "<group>";
		};
/* End PBXVariantGroup section */

/* Begin XCBuildConfiguration section */
		FE4DDF5F1F39E0B600A4CE5A /* Debug */ = {
			isa = XCBuildConfiguration;
			buildSettings = {
				ASSETCATALOG_COMPILER_APPICON_NAME = AppIcon;
				CLANG_ANALYZER_NUMBER_OBJECT_CONVERSION = YES_AGGRESSIVE;
				CLANG_WARN_DOCUMENTATION_COMMENTS = YES;
				CODE_SIGN_ENTITLEMENTS = "Tigase Messenger - Share/Tigase Messenger - Share.entitlements";
				CODE_SIGN_IDENTITY = "iPhone Developer";
				"CODE_SIGN_IDENTITY[sdk=iphoneos*]" = "iPhone Developer";
				DEVELOPMENT_TEAM = YBEYW6E35C;
				HEADER_SEARCH_PATHS = (
					"$(SDK_DIR)/usr/include",
					"$(SDK_DIR)/usr/include/libxml2",
				);
				INFOPLIST_FILE = "Tigase Messenger - Share/Info.plist";
				IPHONEOS_DEPLOYMENT_TARGET = 10.0;
				LD_RUNPATH_SEARCH_PATHS = "$(inherited) @executable_path/Frameworks @executable_path/../../Frameworks";
				PRODUCT_BUNDLE_IDENTIFIER = "org.tigase.messenger.mobile.Tigase-Messenger---Share";
				PRODUCT_NAME = "$(TARGET_NAME)";
				SKIP_INSTALL = YES;
				SWIFT_ACTIVE_COMPILATION_CONDITIONS = DEBUG;
				SWIFT_SWIFT3_OBJC_INFERENCE = Default;
				SWIFT_VERSION = 4.2;
			};
			name = Debug;
		};
		FE4DDF601F39E0B600A4CE5A /* Release */ = {
			isa = XCBuildConfiguration;
			buildSettings = {
				ASSETCATALOG_COMPILER_APPICON_NAME = AppIcon;
				CLANG_ANALYZER_NUMBER_OBJECT_CONVERSION = YES_AGGRESSIVE;
				CLANG_WARN_DOCUMENTATION_COMMENTS = YES;
				CODE_SIGN_ENTITLEMENTS = "Tigase Messenger - Share/Tigase Messenger - Share.entitlements";
				CODE_SIGN_IDENTITY = "iPhone Developer";
				"CODE_SIGN_IDENTITY[sdk=iphoneos*]" = "iPhone Developer";
				DEVELOPMENT_TEAM = YBEYW6E35C;
				HEADER_SEARCH_PATHS = (
					"$(SDK_DIR)/usr/include",
					"$(SDK_DIR)/usr/include/libxml2",
				);
				INFOPLIST_FILE = "Tigase Messenger - Share/Info.plist";
				IPHONEOS_DEPLOYMENT_TARGET = 10.0;
				LD_RUNPATH_SEARCH_PATHS = "$(inherited) @executable_path/Frameworks @executable_path/../../Frameworks";
				PRODUCT_BUNDLE_IDENTIFIER = "org.tigase.messenger.mobile.Tigase-Messenger---Share";
				PRODUCT_NAME = "$(TARGET_NAME)";
				SKIP_INSTALL = YES;
				SWIFT_SWIFT3_OBJC_INFERENCE = Default;
				SWIFT_VERSION = 4.2;
			};
			name = Release;
		};
		FE94E5491CCBA74F00FAE755 /* Debug */ = {
			isa = XCBuildConfiguration;
			buildSettings = {
				ALWAYS_SEARCH_USER_PATHS = NO;
				CLANG_ANALYZER_NONNULL = YES;
				CLANG_CXX_LANGUAGE_STANDARD = "gnu++0x";
				CLANG_CXX_LIBRARY = "libc++";
				CLANG_ENABLE_MODULES = YES;
				CLANG_ENABLE_OBJC_ARC = YES;
				CLANG_WARN_BLOCK_CAPTURE_AUTORELEASING = YES;
				CLANG_WARN_BOOL_CONVERSION = YES;
				CLANG_WARN_COMMA = YES;
				CLANG_WARN_CONSTANT_CONVERSION = YES;
				CLANG_WARN_DEPRECATED_OBJC_IMPLEMENTATIONS = YES;
				CLANG_WARN_DIRECT_OBJC_ISA_USAGE = YES_ERROR;
				CLANG_WARN_EMPTY_BODY = YES;
				CLANG_WARN_ENUM_CONVERSION = YES;
				CLANG_WARN_INFINITE_RECURSION = YES;
				CLANG_WARN_INT_CONVERSION = YES;
				CLANG_WARN_NON_LITERAL_NULL_CONVERSION = YES;
				CLANG_WARN_OBJC_IMPLICIT_RETAIN_SELF = YES;
				CLANG_WARN_OBJC_LITERAL_CONVERSION = YES;
				CLANG_WARN_OBJC_ROOT_CLASS = YES_ERROR;
				CLANG_WARN_RANGE_LOOP_ANALYSIS = YES;
				CLANG_WARN_STRICT_PROTOTYPES = YES;
				CLANG_WARN_SUSPICIOUS_MOVE = YES;
				CLANG_WARN_UNREACHABLE_CODE = YES;
				CLANG_WARN__DUPLICATE_METHOD_MATCH = YES;
				CODE_SIGN_IDENTITY = "iPhone Developer";
				"CODE_SIGN_IDENTITY[sdk=iphoneos*]" = "iPhone Developer";
				COPY_PHASE_STRIP = NO;
				DEBUG_INFORMATION_FORMAT = dwarf;
				ENABLE_STRICT_OBJC_MSGSEND = YES;
				ENABLE_TESTABILITY = YES;
				FRAMEWORK_SEARCH_PATHS = "";
				GCC_C_LANGUAGE_STANDARD = gnu99;
				GCC_DYNAMIC_NO_PIC = NO;
				GCC_NO_COMMON_BLOCKS = YES;
				GCC_OPTIMIZATION_LEVEL = 0;
				GCC_PREPROCESSOR_DEFINITIONS = (
					"DEBUG=1",
					"$(inherited)",
				);
				GCC_WARN_64_TO_32_BIT_CONVERSION = YES;
				GCC_WARN_ABOUT_RETURN_TYPE = YES_ERROR;
				GCC_WARN_UNDECLARED_SELECTOR = YES;
				GCC_WARN_UNINITIALIZED_AUTOS = YES_AGGRESSIVE;
				GCC_WARN_UNUSED_FUNCTION = YES;
				GCC_WARN_UNUSED_VARIABLE = YES;
				IPHONEOS_DEPLOYMENT_TARGET = 9.3;
				MTL_ENABLE_DEBUG_INFO = YES;
				ONLY_ACTIVE_ARCH = YES;
				SDKROOT = iphoneos;
				SWIFT_OBJC_BRIDGING_HEADER = "Tigase iOS Messenger/Tigase-iOS-Messenger-Bridging-Header.h";
				SWIFT_OPTIMIZATION_LEVEL = "-Onone";
				TARGETED_DEVICE_FAMILY = "1,2";
				USER_HEADER_SEARCH_PATHS = "";
			};
			name = Debug;
		};
		FE94E54A1CCBA74F00FAE755 /* Release */ = {
			isa = XCBuildConfiguration;
			buildSettings = {
				ALWAYS_SEARCH_USER_PATHS = NO;
				CLANG_ANALYZER_NONNULL = YES;
				CLANG_CXX_LANGUAGE_STANDARD = "gnu++0x";
				CLANG_CXX_LIBRARY = "libc++";
				CLANG_ENABLE_MODULES = YES;
				CLANG_ENABLE_OBJC_ARC = YES;
				CLANG_WARN_BLOCK_CAPTURE_AUTORELEASING = YES;
				CLANG_WARN_BOOL_CONVERSION = YES;
				CLANG_WARN_COMMA = YES;
				CLANG_WARN_CONSTANT_CONVERSION = YES;
				CLANG_WARN_DEPRECATED_OBJC_IMPLEMENTATIONS = YES;
				CLANG_WARN_DIRECT_OBJC_ISA_USAGE = YES_ERROR;
				CLANG_WARN_EMPTY_BODY = YES;
				CLANG_WARN_ENUM_CONVERSION = YES;
				CLANG_WARN_INFINITE_RECURSION = YES;
				CLANG_WARN_INT_CONVERSION = YES;
				CLANG_WARN_NON_LITERAL_NULL_CONVERSION = YES;
				CLANG_WARN_OBJC_IMPLICIT_RETAIN_SELF = YES;
				CLANG_WARN_OBJC_LITERAL_CONVERSION = YES;
				CLANG_WARN_OBJC_ROOT_CLASS = YES_ERROR;
				CLANG_WARN_RANGE_LOOP_ANALYSIS = YES;
				CLANG_WARN_STRICT_PROTOTYPES = YES;
				CLANG_WARN_SUSPICIOUS_MOVE = YES;
				CLANG_WARN_UNREACHABLE_CODE = YES;
				CLANG_WARN__DUPLICATE_METHOD_MATCH = YES;
				CODE_SIGN_IDENTITY = "iPhone Developer";
				"CODE_SIGN_IDENTITY[sdk=iphoneos*]" = "iPhone Developer";
				COPY_PHASE_STRIP = NO;
				DEBUG_INFORMATION_FORMAT = "dwarf-with-dsym";
				ENABLE_NS_ASSERTIONS = NO;
				ENABLE_STRICT_OBJC_MSGSEND = YES;
				FRAMEWORK_SEARCH_PATHS = "";
				GCC_C_LANGUAGE_STANDARD = gnu99;
				GCC_NO_COMMON_BLOCKS = YES;
				GCC_WARN_64_TO_32_BIT_CONVERSION = YES;
				GCC_WARN_ABOUT_RETURN_TYPE = YES_ERROR;
				GCC_WARN_UNDECLARED_SELECTOR = YES;
				GCC_WARN_UNINITIALIZED_AUTOS = YES_AGGRESSIVE;
				GCC_WARN_UNUSED_FUNCTION = YES;
				GCC_WARN_UNUSED_VARIABLE = YES;
				IPHONEOS_DEPLOYMENT_TARGET = 9.3;
				MTL_ENABLE_DEBUG_INFO = NO;
				ONLY_ACTIVE_ARCH = NO;
				SDKROOT = iphoneos;
				SWIFT_OBJC_BRIDGING_HEADER = "Tigase iOS Messenger/Tigase-iOS-Messenger-Bridging-Header.h";
				SWIFT_OPTIMIZATION_LEVEL = "-Owholemodule";
				TARGETED_DEVICE_FAMILY = "1,2";
				USER_HEADER_SEARCH_PATHS = "";
				VALIDATE_PRODUCT = YES;
			};
			name = Release;
		};
		FE94E54C1CCBA74F00FAE755 /* Debug */ = {
			isa = XCBuildConfiguration;
			buildSettings = {
				ALWAYS_EMBED_SWIFT_STANDARD_LIBRARIES = YES;
				ASSETCATALOG_COMPILER_APPICON_NAME = AppIcon;
				CODE_SIGN_ENTITLEMENTS = "Tigase-iOS-Messenger.entitlements";
				CODE_SIGN_IDENTITY = "iPhone Developer";
				"CODE_SIGN_IDENTITY[sdk=iphoneos*]" = "iPhone Developer";
				DEAD_CODE_STRIPPING = NO;
				DEBUG_INFORMATION_FORMAT = "dwarf-with-dsym";
				DEVELOPMENT_TEAM = YBEYW6E35C;
				ENABLE_BITCODE = NO;
				FRAMEWORK_SEARCH_PATHS = (
					"$(inherited)",
					"$(PROJECT_DIR)",
				);
				HEADER_SEARCH_PATHS = (
					"$(SDK_DIR)/usr/include",
					"$(SDK_DIR)/usr/include/libxml2/**",
				);
				INFOPLIST_FILE = "Tigase iOS Messenger/Info.plist";
				IPHONEOS_DEPLOYMENT_TARGET = 10.0;
				LD_RUNPATH_SEARCH_PATHS = "$(inherited) @executable_path/Frameworks";
				PRODUCT_BUNDLE_IDENTIFIER = org.tigase.messenger.mobile;
				PRODUCT_NAME = "Tigase-iOS-Messenger";
				PROVISIONING_PROFILE = "";
				STRIP_INSTALLED_PRODUCT = NO;
				SWIFT_INCLUDE_PATHS = "$(SRCROOT)/Modules/";
				SWIFT_SWIFT3_OBJC_INFERENCE = Default;
				SWIFT_VERSION = 4.2;
			};
			name = Debug;
		};
		FE94E54D1CCBA74F00FAE755 /* Release */ = {
			isa = XCBuildConfiguration;
			buildSettings = {
				ALWAYS_EMBED_SWIFT_STANDARD_LIBRARIES = YES;
				ASSETCATALOG_COMPILER_APPICON_NAME = AppIcon;
				CODE_SIGN_ENTITLEMENTS = "Tigase-iOS-Messenger.entitlements";
				CODE_SIGN_IDENTITY = "iPhone Developer";
				"CODE_SIGN_IDENTITY[sdk=iphoneos*]" = "iPhone Developer";
				DEAD_CODE_STRIPPING = NO;
				DEVELOPMENT_TEAM = YBEYW6E35C;
				ENABLE_BITCODE = NO;
				FRAMEWORK_SEARCH_PATHS = (
					"$(inherited)",
					"$(PROJECT_DIR)",
				);
				HEADER_SEARCH_PATHS = (
					"$(SDK_DIR)/usr/include",
					"$(SDK_DIR)/usr/include/libxml2/**",
				);
				INFOPLIST_FILE = "Tigase iOS Messenger/Info.plist";
				IPHONEOS_DEPLOYMENT_TARGET = 10.0;
				LD_RUNPATH_SEARCH_PATHS = "$(inherited) @executable_path/Frameworks";
				ONLY_ACTIVE_ARCH = YES;
				PRODUCT_BUNDLE_IDENTIFIER = org.tigase.messenger.mobile;
				PRODUCT_NAME = "Tigase-iOS-Messenger";
				PROVISIONING_PROFILE = "";
				STRIP_INSTALLED_PRODUCT = NO;
				SWIFT_INCLUDE_PATHS = "$(SRCROOT)/Modules/";
				SWIFT_SWIFT3_OBJC_INFERENCE = Default;
				SWIFT_VERSION = 4.2;
			};
			name = Release;
		};
/* End XCBuildConfiguration section */

/* Begin XCConfigurationList section */
		FE4DDF5E1F39E0B600A4CE5A /* Build configuration list for PBXNativeTarget "Tigase Messenger - Share" */ = {
			isa = XCConfigurationList;
			buildConfigurations = (
				FE4DDF5F1F39E0B600A4CE5A /* Debug */,
				FE4DDF601F39E0B600A4CE5A /* Release */,
			);
			defaultConfigurationIsVisible = 0;
			defaultConfigurationName = Release;
		};
		FE94E51C1CCBA74F00FAE755 /* Build configuration list for PBXProject "Tigase-iOS-Messenger" */ = {
			isa = XCConfigurationList;
			buildConfigurations = (
				FE94E5491CCBA74F00FAE755 /* Debug */,
				FE94E54A1CCBA74F00FAE755 /* Release */,
			);
			defaultConfigurationIsVisible = 0;
			defaultConfigurationName = Release;
		};
		FE94E54B1CCBA74F00FAE755 /* Build configuration list for PBXNativeTarget "Tigase-iOS-Messenger" */ = {
			isa = XCConfigurationList;
			buildConfigurations = (
				FE94E54C1CCBA74F00FAE755 /* Debug */,
				FE94E54D1CCBA74F00FAE755 /* Release */,
			);
			defaultConfigurationIsVisible = 0;
			defaultConfigurationName = Release;
		};
/* End XCConfigurationList section */
	};
	rootObject = FE94E5191CCBA74F00FAE755 /* Project object */;
}
